
Microsoft Visual Studio Solution File, Format Version 12.00
# Visual Studio Version 16
VisualStudioVersion = 16.0.30503.244
MinimumVisualStudioVersion = 10.0.40219.1
Project("{FAE04EC0-301F-11D3-BF4B-00C04F79EFBC}") = "CRMService", "CRMService\CRMService.csproj", "{8B7329E9-EC2C-4993-A3DF-145AE2CCBF29}"
EndProject
Global
	GlobalSection(SolutionConfigurationPlatforms) = preSolution
		Debug|Any CPU = Debug|Any CPU
		Release|Any CPU = Release|Any CPU
	EndGlobalSection
	GlobalSection(ProjectConfigurationPlatforms) = postSolution
		{8B7329E9-EC2C-4993-A3DF-145AE2CCBF29}.Debug|Any CPU.ActiveCfg = Debug|Any CPU
		{8B7329E9-EC2C-4993-A3DF-145AE2CCBF29}.Debug|Any CPU.Build.0 = Debug|Any CPU
		{8B7329E9-EC2C-4993-A3DF-145AE2CCBF29}.Release|Any CPU.ActiveCfg = Release|Any CPU
		{8B7329E9-EC2C-4993-A3DF-145AE2CCBF29}.Release|Any CPU.Build.0 = Release|Any CPU
	EndGlobalSection
	GlobalSection(SolutionProperties) = preSolution
		HideSolutionNode = FALSE
	EndGlobalSection
	GlobalSection(ExtensibilityGlobals) = postSolution
		SolutionGuid = {5957B2ED-BD08-4A42-B3D5-73F1DCF3F319}
	EndGlobalSection
EndGlobal
